{
  "version": 4,
  "terraform_version": "1.5.7",
  "serial": 1,
  "lineage": "4ef7f3f7-24df-8ae3-8bba-a433b35d5579",
  "outputs": {},
  "resources": [
    {
      "mode": "managed",
      "type": "aws_ecr_repository",
      "name": "car_rental_app",
      "provider": "provider[\"registry.terraform.io/hashicorp/aws\"]",
      "instances": [
        {
          "schema_version": 0,
          "attributes": {
            "arn": "arn:aws:ecr:us-east-1:522814698925:repository/car-rental-app",
            "encryption_configuration": [
              {
                "encryption_type": "AES256",
                "kms_key": ""
              }
            ],
            "force_delete": null,
            "id": "car-rental-app",
            "image_scanning_configuration": [
              {
                "scan_on_push": true
              }
            ],
            "image_tag_mutability": "MUTABLE",
            "name": "car-rental-app",
            "registry_id": "522814698925",
            "repository_url": "522814698925.dkr.ecr.us-east-1.amazonaws.com/car-rental-app",
            "tags": {
              "Application": "Car Rental App",
              "Environment": "production"
            },
            "tags_all": {
              "Application": "Car Rental App",
              "Environment": "production"
            },
            "timeouts": null
          },
          "sensitive_attributes": [],
          "private": "eyJlMmJmYjczMC1lY2FhLTExZTYtOGY4OC0zNDM2M2JjN2M0YzAiOnsiZGVsZXRlIjoxMjAwMDAwMDAwMDAwfX0="
        }
      ]
    }
  ],
  "check_results": null
}
